
Microsoft Visual Studio Solution File, Format Version 12.00
# Visual Studio Version 16
VisualStudioVersion = 16.0.30128.74
MinimumVisualStudioVersion = 10.0.40219.1
Project("{9A19103F-16F7-4668-BE54-9A1E7A4F7556}") = "TodoApi", "TodoApi\TodoApi.csproj", "{2A4EFAC5-F88D-4656-8E54-573D946B3FD5}"
EndProject
Project("{FAE04EC0-301F-11D3-BF4B-00C04F79EFBC}") = "TodoApiTests", "TodoApiTests\TodoApiTests.csproj", "{5E682FDB-CF71-4163-B9E4-CEC2E1367ED4}"
EndProject
Global
	GlobalSection(SolutionConfigurationPlatforms) = preSolution
		Debug|Any CPU = Debug|Any CPU
		Release|Any CPU = Release|Any CPU
	EndGlobalSection
	GlobalSection(ProjectConfigurationPlatforms) = postSolution
		{2A4EFAC5-F88D-4656-8E54-573D946B3FD5}.Debug|Any CPU.ActiveCfg = Debug|Any CPU
		{2A4EFAC5-F88D-4656-8E54-573D946B3FD5}.Debug|Any CPU.Build.0 = Debug|Any CPU
		{2A4EFAC5-F88D-4656-8E54-573D946B3FD5}.Release|Any CPU.ActiveCfg = Release|Any CPU
		{2A4EFAC5-F88D-4656-8E54-573D946B3FD5}.Release|Any CPU.Build.0 = Release|Any CPU
		{5E682FDB-CF71-4163-B9E4-CEC2E1367ED4}.Debug|Any CPU.ActiveCfg = Debug|Any CPU
		{5E682FDB-CF71-4163-B9E4-CEC2E1367ED4}.Debug|Any CPU.Build.0 = Debug|Any CPU
		{5E682FDB-CF71-4163-B9E4-CEC2E1367ED4}.Release|Any CPU.ActiveCfg = Release|Any CPU
		{5E682FDB-CF71-4163-B9E4-CEC2E1367ED4}.Release|Any CPU.Build.0 = Release|Any CPU
	EndGlobalSection
	GlobalSection(SolutionProperties) = preSolution
		HideSolutionNode = FALSE
	EndGlobalSection
	GlobalSection(ExtensibilityGlobals) = postSolution
		SolutionGuid = {433C47DA-A8D3-4626-9EE2-98DDD2C3AF18}
	EndGlobalSection
EndGlobal
